
Microsoft Visual Studio Solution File, Format Version 12.00
# Visual Studio Version 17
VisualStudioVersion = 17.8.34316.72
MinimumVisualStudioVersion = 10.0.40219.1
Project("{9A19103F-16F7-4668-BE54-9A1E7A4F7556}") = "MyChat", "MyChat\MyChat.csproj", "{60A5118E-7A73-415B-A82D-453ADA2D99E2}"
EndProject
Project("{FAE04EC0-301F-11D3-BF4B-00C04F79EFBC}") = "Tests", "Tests\Tests.csproj", "{F540281D-68B0-4214-BB85-A69A2D74EB70}"
EndProject
Global
	GlobalSection(SolutionConfigurationPlatforms) = preSolution
		Debug|Any CPU = Debug|Any CPU
		Release|Any CPU = Release|Any CPU
	EndGlobalSection
	GlobalSection(ProjectConfigurationPlatforms) = postSolution
		{60A5118E-7A73-415B-A82D-453ADA2D99E2}.Debug|Any CPU.ActiveCfg = Debug|Any CPU
		{60A5118E-7A73-415B-A82D-453ADA2D99E2}.Debug|Any CPU.Build.0 = Debug|Any CPU
		{60A5118E-7A73-415B-A82D-453ADA2D99E2}.Release|Any CPU.ActiveCfg = Release|Any CPU
		{60A5118E-7A73-415B-A82D-453ADA2D99E2}.Release|Any CPU.Build.0 = Release|Any CPU
		{F540281D-68B0-4214-BB85-A69A2D74EB70}.Debug|Any CPU.ActiveCfg = Debug|Any CPU
		{F540281D-68B0-4214-BB85-A69A2D74EB70}.Debug|Any CPU.Build.0 = Debug|Any CPU
		{F540281D-68B0-4214-BB85-A69A2D74EB70}.Release|Any CPU.ActiveCfg = Release|Any CPU
		{F540281D-68B0-4214-BB85-A69A2D74EB70}.Release|Any CPU.Build.0 = Release|Any CPU
	EndGlobalSection
	GlobalSection(SolutionProperties) = preSolution
		HideSolutionNode = FALSE
	EndGlobalSection
	GlobalSection(ExtensibilityGlobals) = postSolution
		SolutionGuid = {7B2422E8-FCEE-43FB-A55D-FABAFB48D153}
	EndGlobalSection
EndGlobal
